
Microsoft Visual Studio Solution File, Format Version 12.00
# Visual Studio Version 16
VisualStudioVersion = 16.0.31313.79
MinimumVisualStudioVersion = 10.0.40219.1
Project("{FAE04EC0-301F-11D3-BF4B-00C04F79EFBC}") = "exercicio4For", "exercicio4For\exercicio4For.csproj", "{DC545F37-FCDD-494D-B808-16F2055A24DF}"
EndProject
Global
	GlobalSection(SolutionConfigurationPlatforms) = preSolution
		Debug|Any CPU = Debug|Any CPU
		Release|Any CPU = Release|Any CPU
	EndGlobalSection
	GlobalSection(ProjectConfigurationPlatforms) = postSolution
		{DC545F37-FCDD-494D-B808-16F2055A24DF}.Debug|Any CPU.ActiveCfg = Debug|Any CPU
		{DC545F37-FCDD-494D-B808-16F2055A24DF}.Debug|Any CPU.Build.0 = Debug|Any CPU
		{DC545F37-FCDD-494D-B808-16F2055A24DF}.Release|Any CPU.ActiveCfg = Release|Any CPU
		{DC545F37-FCDD-494D-B808-16F2055A24DF}.Release|Any CPU.Build.0 = Release|Any CPU
	EndGlobalSection
	GlobalSection(SolutionProperties) = preSolution
		HideSolutionNode = FALSE
	EndGlobalSection
	GlobalSection(ExtensibilityGlobals) = postSolution
		SolutionGuid = {9B6EBE4A-5ABB-457F-8152-16C0DF11379B}
	EndGlobalSection
EndGlobal
